
Microsoft Visual Studio Solution File, Format Version 12.00
# Visual Studio Version 17
VisualStudioVersion = 17.3.32811.315
MinimumVisualStudioVersion = 10.0.40219.1
Project("{FAE04EC0-301F-11D3-BF4B-00C04F79EFBC}") = "KraljestvoŽivali", "KraljestvoŽivali\KraljestvoŽivali.csproj", "{606C8DAF-32AB-4A3D-B38B-FE3934B44A07}"
EndProject
Global
	GlobalSection(SolutionConfigurationPlatforms) = preSolution
		Debug|Any CPU = Debug|Any CPU
		Release|Any CPU = Release|Any CPU
	EndGlobalSection
	GlobalSection(ProjectConfigurationPlatforms) = postSolution
		{606C8DAF-32AB-4A3D-B38B-FE3934B44A07}.Debug|Any CPU.ActiveCfg = Debug|Any CPU
		{606C8DAF-32AB-4A3D-B38B-FE3934B44A07}.Debug|Any CPU.Build.0 = Debug|Any CPU
		{606C8DAF-32AB-4A3D-B38B-FE3934B44A07}.Release|Any CPU.ActiveCfg = Release|Any CPU
		{606C8DAF-32AB-4A3D-B38B-FE3934B44A07}.Release|Any CPU.Build.0 = Release|Any CPU
	EndGlobalSection
	GlobalSection(SolutionProperties) = preSolution
		HideSolutionNode = FALSE
	EndGlobalSection
	GlobalSection(ExtensibilityGlobals) = postSolution
		SolutionGuid = {CBC20CAC-CF85-4B00-AE73-6EF2CDA9DF55}
	EndGlobalSection
EndGlobal
