
Microsoft Visual Studio Solution File, Format Version 12.00
# Visual Studio Version 17
VisualStudioVersion = 17.3.32811.315
MinimumVisualStudioVersion = 10.0.40219.1
Project("{FAE04EC0-301F-11D3-BF4B-00C04F79EFBC}") = "MinolovecGUI", "MinolovecGUI\MinolovecGUI.csproj", "{F6C52813-DF6B-42D2-9016-C01B8A2B251A}"
EndProject
Global
	GlobalSection(SolutionConfigurationPlatforms) = preSolution
		Debug|Any CPU = Debug|Any CPU
		Release|Any CPU = Release|Any CPU
	EndGlobalSection
	GlobalSection(ProjectConfigurationPlatforms) = postSolution
		{F6C52813-DF6B-42D2-9016-C01B8A2B251A}.Debug|Any CPU.ActiveCfg = Debug|Any CPU
		{F6C52813-DF6B-42D2-9016-C01B8A2B251A}.Debug|Any CPU.Build.0 = Debug|Any CPU
		{F6C52813-DF6B-42D2-9016-C01B8A2B251A}.Release|Any CPU.ActiveCfg = Release|Any CPU
		{F6C52813-DF6B-42D2-9016-C01B8A2B251A}.Release|Any CPU.Build.0 = Release|Any CPU
	EndGlobalSection
	GlobalSection(SolutionProperties) = preSolution
		HideSolutionNode = FALSE
	EndGlobalSection
	GlobalSection(ExtensibilityGlobals) = postSolution
		SolutionGuid = {29069B74-4953-4928-8571-B6F603B43E44}
	EndGlobalSection
EndGlobal
