
Microsoft Visual Studio Solution File, Format Version 12.00
# Visual Studio Version 17
VisualStudioVersion = 17.3.32811.315
MinimumVisualStudioVersion = 10.0.40219.1
Project("{FAE04EC0-301F-11D3-BF4B-00C04F79EFBC}") = "Koncerti", "Koncerti\Koncerti.csproj", "{77D6C909-A036-4746-B4FF-F4223C8CEB0B}"
EndProject
Global
	GlobalSection(SolutionConfigurationPlatforms) = preSolution
		Debug|Any CPU = Debug|Any CPU
		Release|Any CPU = Release|Any CPU
	EndGlobalSection
	GlobalSection(ProjectConfigurationPlatforms) = postSolution
		{77D6C909-A036-4746-B4FF-F4223C8CEB0B}.Debug|Any CPU.ActiveCfg = Debug|Any CPU
		{77D6C909-A036-4746-B4FF-F4223C8CEB0B}.Debug|Any CPU.Build.0 = Debug|Any CPU
		{77D6C909-A036-4746-B4FF-F4223C8CEB0B}.Release|Any CPU.ActiveCfg = Release|Any CPU
		{77D6C909-A036-4746-B4FF-F4223C8CEB0B}.Release|Any CPU.Build.0 = Release|Any CPU
	EndGlobalSection
	GlobalSection(SolutionProperties) = preSolution
		HideSolutionNode = FALSE
	EndGlobalSection
	GlobalSection(ExtensibilityGlobals) = postSolution
		SolutionGuid = {79E4ECD8-777A-4A9A-9DD0-AC4A11E307D7}
	EndGlobalSection
EndGlobal
